
Microsoft Visual Studio Solution File, Format Version 12.00
# Visual Studio 15
VisualStudioVersion = 15.0.28307.168
MinimumVisualStudioVersion = 10.0.40219.1
Project("{FAE04EC0-301F-11D3-BF4B-00C04F79EFBC}") = "Console_News_BDEF", "Console_News_BDEF\Console_News_BDEF.csproj", "{E68FCADD-75ED-44F4-ABDE-92064F0084A3}"
EndProject
Global
	GlobalSection(SolutionConfigurationPlatforms) = preSolution
		Debug|Any CPU = Debug|Any CPU
		Release|Any CPU = Release|Any CPU
	EndGlobalSection
	GlobalSection(ProjectConfigurationPlatforms) = postSolution
		{E68FCADD-75ED-44F4-ABDE-92064F0084A3}.Debug|Any CPU.ActiveCfg = Debug|Any CPU
		{E68FCADD-75ED-44F4-ABDE-92064F0084A3}.Debug|Any CPU.Build.0 = Debug|Any CPU
		{E68FCADD-75ED-44F4-ABDE-92064F0084A3}.Release|Any CPU.ActiveCfg = Release|Any CPU
		{E68FCADD-75ED-44F4-ABDE-92064F0084A3}.Release|Any CPU.Build.0 = Release|Any CPU
	EndGlobalSection
	GlobalSection(SolutionProperties) = preSolution
		HideSolutionNode = FALSE
	EndGlobalSection
	GlobalSection(ExtensibilityGlobals) = postSolution
		SolutionGuid = {AC2078A6-7038-426E-B827-50FDCAEFAE43}
	EndGlobalSection
EndGlobal
